
Microsoft Visual Studio Solution File, Format Version 9.00
# Visual Studio 2005
Project("{FAE04EC0-301F-11D3-BF4B-00C04F79EFBC}") = "MethodExam", "MethodExam\MethodExam.csproj", "{DC16C19C-BF9D-4471-9459-52BE39BFDDC5}"
EndProject
Global
	GlobalSection(SolutionConfigurationPlatforms) = preSolution
		Debug|Any CPU = Debug|Any CPU
		Release|Any CPU = Release|Any CPU
	EndGlobalSection
	GlobalSection(ProjectConfigurationPlatforms) = postSolution
		{DC16C19C-BF9D-4471-9459-52BE39BFDDC5}.Debug|Any CPU.ActiveCfg = Debug|Any CPU
		{DC16C19C-BF9D-4471-9459-52BE39BFDDC5}.Debug|Any CPU.Build.0 = Debug|Any CPU
		{DC16C19C-BF9D-4471-9459-52BE39BFDDC5}.Release|Any CPU.ActiveCfg = Release|Any CPU
		{DC16C19C-BF9D-4471-9459-52BE39BFDDC5}.Release|Any CPU.Build.0 = Release|Any CPU
	EndGlobalSection
	GlobalSection(SolutionProperties) = preSolution
		HideSolutionNode = FALSE
	EndGlobalSection
EndGlobal
