
Microsoft Visual Studio Solution File, Format Version 9.00
# Visual Studio 2005
Project("{FAE04EC0-301F-11D3-BF4B-00C04F79EFBC}") = "IPTest", "IPTest\IPTest.csproj", "{B13FCFF4-FE6C-4C29-81A1-81E98F8176D4}"
EndProject
Global
	GlobalSection(SolutionConfigurationPlatforms) = preSolution
		Debug|Any CPU = Debug|Any CPU
		Release|Any CPU = Release|Any CPU
	EndGlobalSection
	GlobalSection(ProjectConfigurationPlatforms) = postSolution
		{B13FCFF4-FE6C-4C29-81A1-81E98F8176D4}.Debug|Any CPU.ActiveCfg = Debug|Any CPU
		{B13FCFF4-FE6C-4C29-81A1-81E98F8176D4}.Debug|Any CPU.Build.0 = Debug|Any CPU
		{B13FCFF4-FE6C-4C29-81A1-81E98F8176D4}.Release|Any CPU.ActiveCfg = Release|Any CPU
		{B13FCFF4-FE6C-4C29-81A1-81E98F8176D4}.Release|Any CPU.Build.0 = Release|Any CPU
	EndGlobalSection
	GlobalSection(SolutionProperties) = preSolution
		HideSolutionNode = FALSE
	EndGlobalSection
EndGlobal
