
Microsoft Visual Studio Solution File, Format Version 9.00
# Visual Studio 2005
Project("{FAE04EC0-301F-11D3-BF4B-00C04F79EFBC}") = "define-undefineExam", "define-undefineExam\define-undefineExam.csproj", "{FA18FA68-F0B6-49A8-95E4-685E1340B791}"
EndProject
Global
	GlobalSection(SolutionConfigurationPlatforms) = preSolution
		Debug|Any CPU = Debug|Any CPU
		Release|Any CPU = Release|Any CPU
	EndGlobalSection
	GlobalSection(ProjectConfigurationPlatforms) = postSolution
		{FA18FA68-F0B6-49A8-95E4-685E1340B791}.Debug|Any CPU.ActiveCfg = Debug|Any CPU
		{FA18FA68-F0B6-49A8-95E4-685E1340B791}.Debug|Any CPU.Build.0 = Debug|Any CPU
		{FA18FA68-F0B6-49A8-95E4-685E1340B791}.Release|Any CPU.ActiveCfg = Release|Any CPU
		{FA18FA68-F0B6-49A8-95E4-685E1340B791}.Release|Any CPU.Build.0 = Release|Any CPU
	EndGlobalSection
	GlobalSection(SolutionProperties) = preSolution
		HideSolutionNode = FALSE
	EndGlobalSection
EndGlobal
