Microsoft Visual Studio Solution File, Format Version 8.00
Project("{FAE04EC0-301F-11D3-BF4B-00C04F79EFBC}") = "MyButton", "MyButton.csproj", "{3526E71C-0D64-447F-8097-592DA3B0604E}"
	ProjectSection(ProjectDependencies) = postProject
	EndProjectSection
EndProject
Global
	GlobalSection(SolutionConfiguration) = preSolution
		Debug = Debug
		Release = Release
	EndGlobalSection
	GlobalSection(ProjectConfiguration) = postSolution
		{3526E71C-0D64-447F-8097-592DA3B0604E}.Debug.ActiveCfg = Debug|.NET
		{3526E71C-0D64-447F-8097-592DA3B0604E}.Debug.Build.0 = Debug|.NET
		{3526E71C-0D64-447F-8097-592DA3B0604E}.Release.ActiveCfg = Release|.NET
		{3526E71C-0D64-447F-8097-592DA3B0604E}.Release.Build.0 = Release|.NET
	EndGlobalSection
	GlobalSection(ExtensibilityGlobals) = postSolution
	EndGlobalSection
	GlobalSection(ExtensibilityAddIns) = postSolution
	EndGlobalSection
EndGlobal
