
Microsoft Visual Studio Solution File, Format Version 9.00
# Visual Studio 2005
Project("{FAE04EC0-301F-11D3-BF4B-00C04F79EFBC}") = "ParamExam", "ParamExam\ParamExam.csproj", "{F410D1C1-8FA9-43C7-BED7-558125546EB4}"
EndProject
Global
	GlobalSection(SolutionConfigurationPlatforms) = preSolution
		Debug|Any CPU = Debug|Any CPU
		Release|Any CPU = Release|Any CPU
	EndGlobalSection
	GlobalSection(ProjectConfigurationPlatforms) = postSolution
		{F410D1C1-8FA9-43C7-BED7-558125546EB4}.Debug|Any CPU.ActiveCfg = Debug|Any CPU
		{F410D1C1-8FA9-43C7-BED7-558125546EB4}.Debug|Any CPU.Build.0 = Debug|Any CPU
		{F410D1C1-8FA9-43C7-BED7-558125546EB4}.Release|Any CPU.ActiveCfg = Release|Any CPU
		{F410D1C1-8FA9-43C7-BED7-558125546EB4}.Release|Any CPU.Build.0 = Release|Any CPU
	EndGlobalSection
	GlobalSection(SolutionProperties) = preSolution
		HideSolutionNode = FALSE
	EndGlobalSection
EndGlobal
