Microsoft Visual Studio Solution File, Format Version 8.00
Project("{FAE04EC0-301F-11D3-BF4B-00C04F79EFBC}") = "WinFormTotalExam", "WinFormTotalExam.csproj", "{B8C8D216-86C2-48CD-A93C-C8A7F6704636}"
	ProjectSection(ProjectDependencies) = postProject
	EndProjectSection
EndProject
Global
	GlobalSection(SolutionConfiguration) = preSolution
		Debug = Debug
		Release = Release
	EndGlobalSection
	GlobalSection(ProjectConfiguration) = postSolution
		{B8C8D216-86C2-48CD-A93C-C8A7F6704636}.Debug.ActiveCfg = Debug|.NET
		{B8C8D216-86C2-48CD-A93C-C8A7F6704636}.Debug.Build.0 = Debug|.NET
		{B8C8D216-86C2-48CD-A93C-C8A7F6704636}.Release.ActiveCfg = Release|.NET
		{B8C8D216-86C2-48CD-A93C-C8A7F6704636}.Release.Build.0 = Release|.NET
	EndGlobalSection
	GlobalSection(ExtensibilityGlobals) = postSolution
	EndGlobalSection
	GlobalSection(ExtensibilityAddIns) = postSolution
	EndGlobalSection
EndGlobal
