
Microsoft Visual Studio Solution File, Format Version 9.00
# Visual Studio 2005
Project("{FAE04EC0-301F-11D3-BF4B-00C04F79EFBC}") = "overrideExam1", "overrideExam1\overrideExam1.csproj", "{0EB09BE6-8FE2-4D9A-9759-2DE57AA0D3AA}"
EndProject
Global
	GlobalSection(SolutionConfigurationPlatforms) = preSolution
		Debug|Any CPU = Debug|Any CPU
		Release|Any CPU = Release|Any CPU
	EndGlobalSection
	GlobalSection(ProjectConfigurationPlatforms) = postSolution
		{0EB09BE6-8FE2-4D9A-9759-2DE57AA0D3AA}.Debug|Any CPU.ActiveCfg = Debug|Any CPU
		{0EB09BE6-8FE2-4D9A-9759-2DE57AA0D3AA}.Debug|Any CPU.Build.0 = Debug|Any CPU
		{0EB09BE6-8FE2-4D9A-9759-2DE57AA0D3AA}.Release|Any CPU.ActiveCfg = Release|Any CPU
		{0EB09BE6-8FE2-4D9A-9759-2DE57AA0D3AA}.Release|Any CPU.Build.0 = Release|Any CPU
	EndGlobalSection
	GlobalSection(SolutionProperties) = preSolution
		HideSolutionNode = FALSE
	EndGlobalSection
EndGlobal
