Microsoft Visual Studio Solution File, Format Version 9.00
# Visual Studio 2005
Project("{FAE04EC0-301F-11D3-BF4B-00C04F79EFBC}") = "WebData", "WebData\WebData.csproj", "{3F815859-78B6-4413-A2B6-273916D39CBC}"
EndProject
Global
	GlobalSection(SolutionConfigurationPlatforms) = preSolution
		Debug|Any CPU = Debug|Any CPU
		Release|Any CPU = Release|Any CPU
	EndGlobalSection
	GlobalSection(ProjectConfigurationPlatforms) = postSolution
		{3F815859-78B6-4413-A2B6-273916D39CBC}.Debug|Any CPU.ActiveCfg = Debug|Any CPU
		{3F815859-78B6-4413-A2B6-273916D39CBC}.Debug|Any CPU.Build.0 = Debug|Any CPU
		{3F815859-78B6-4413-A2B6-273916D39CBC}.Release|Any CPU.ActiveCfg = Release|Any CPU
		{3F815859-78B6-4413-A2B6-273916D39CBC}.Release|Any CPU.Build.0 = Release|Any CPU
	EndGlobalSection
	GlobalSection(SolutionProperties) = preSolution
		HideSolutionNode = FALSE
	EndGlobalSection
EndGlobal
