
Microsoft Visual Studio Solution File, Format Version 9.00
# Visual Studio 2005
Project("{FAE04EC0-301F-11D3-BF4B-00C04F79EFBC}") = "ImageProcess", "ImageProcess\ImageProcess.csproj", "{D0326A89-603F-4F13-A8C4-6824EE5D52A6}"
EndProject
Global
	GlobalSection(SolutionConfigurationPlatforms) = preSolution
		Debug|Any CPU = Debug|Any CPU
		Release|Any CPU = Release|Any CPU
	EndGlobalSection
	GlobalSection(ProjectConfigurationPlatforms) = postSolution
		{D0326A89-603F-4F13-A8C4-6824EE5D52A6}.Debug|Any CPU.ActiveCfg = Debug|Any CPU
		{D0326A89-603F-4F13-A8C4-6824EE5D52A6}.Debug|Any CPU.Build.0 = Debug|Any CPU
		{D0326A89-603F-4F13-A8C4-6824EE5D52A6}.Release|Any CPU.ActiveCfg = Release|Any CPU
		{D0326A89-603F-4F13-A8C4-6824EE5D52A6}.Release|Any CPU.Build.0 = Release|Any CPU
	EndGlobalSection
	GlobalSection(SolutionProperties) = preSolution
		HideSolutionNode = FALSE
	EndGlobalSection
EndGlobal
