
Microsoft Visual Studio Solution File, Format Version 9.00
# Visual Studio 2005
Project("{FAE04EC0-301F-11D3-BF4B-00C04F79EFBC}") = "ServerTimer", "ServerTimer\ServerTimer.csproj", "{B7C29F7D-DBF5-43DE-9A45-FA7A2097A9BA}"
EndProject
Global
	GlobalSection(SolutionConfigurationPlatforms) = preSolution
		Debug|Any CPU = Debug|Any CPU
		Release|Any CPU = Release|Any CPU
	EndGlobalSection
	GlobalSection(ProjectConfigurationPlatforms) = postSolution
		{B7C29F7D-DBF5-43DE-9A45-FA7A2097A9BA}.Debug|Any CPU.ActiveCfg = Debug|Any CPU
		{B7C29F7D-DBF5-43DE-9A45-FA7A2097A9BA}.Debug|Any CPU.Build.0 = Debug|Any CPU
		{B7C29F7D-DBF5-43DE-9A45-FA7A2097A9BA}.Release|Any CPU.ActiveCfg = Release|Any CPU
		{B7C29F7D-DBF5-43DE-9A45-FA7A2097A9BA}.Release|Any CPU.Build.0 = Release|Any CPU
	EndGlobalSection
	GlobalSection(SolutionProperties) = preSolution
		HideSolutionNode = FALSE
	EndGlobalSection
EndGlobal
