
Microsoft Visual Studio Solution File, Format Version 9.00
# Visual Studio 2005
Project("{FAE04EC0-301F-11D3-BF4B-00C04F79EFBC}") = "FileExam3", "FileExam3\FileExam3.csproj", "{C180C25A-3643-4716-BC3E-B466F468E3D3}"
EndProject
Global
	GlobalSection(SolutionConfigurationPlatforms) = preSolution
		Debug|Any CPU = Debug|Any CPU
		Release|Any CPU = Release|Any CPU
	EndGlobalSection
	GlobalSection(ProjectConfigurationPlatforms) = postSolution
		{C180C25A-3643-4716-BC3E-B466F468E3D3}.Debug|Any CPU.ActiveCfg = Debug|Any CPU
		{C180C25A-3643-4716-BC3E-B466F468E3D3}.Debug|Any CPU.Build.0 = Debug|Any CPU
		{C180C25A-3643-4716-BC3E-B466F468E3D3}.Release|Any CPU.ActiveCfg = Release|Any CPU
		{C180C25A-3643-4716-BC3E-B466F468E3D3}.Release|Any CPU.Build.0 = Release|Any CPU
	EndGlobalSection
	GlobalSection(SolutionProperties) = preSolution
		HideSolutionNode = FALSE
	EndGlobalSection
EndGlobal
