
Microsoft Visual Studio Solution File, Format Version 9.00
# Visual Studio 2005
Project("{FAE04EC0-301F-11D3-BF4B-00C04F79EFBC}") = "PenExam1", "PenExam1\PenExam1.csproj", "{88FE3F86-E3DD-468C-86D3-8092F1697B68}"
EndProject
Global
	GlobalSection(SolutionConfigurationPlatforms) = preSolution
		Debug|Any CPU = Debug|Any CPU
		Release|Any CPU = Release|Any CPU
	EndGlobalSection
	GlobalSection(ProjectConfigurationPlatforms) = postSolution
		{88FE3F86-E3DD-468C-86D3-8092F1697B68}.Debug|Any CPU.ActiveCfg = Debug|Any CPU
		{88FE3F86-E3DD-468C-86D3-8092F1697B68}.Debug|Any CPU.Build.0 = Debug|Any CPU
		{88FE3F86-E3DD-468C-86D3-8092F1697B68}.Release|Any CPU.ActiveCfg = Release|Any CPU
		{88FE3F86-E3DD-468C-86D3-8092F1697B68}.Release|Any CPU.Build.0 = Release|Any CPU
	EndGlobalSection
	GlobalSection(SolutionProperties) = preSolution
		HideSolutionNode = FALSE
	EndGlobalSection
EndGlobal
