
Microsoft Visual Studio Solution File, Format Version 9.00
# Visual Studio 2005
Project("{FAE04EC0-301F-11D3-BF4B-00C04F79EFBC}") = "DelegateExam2", "DelegateExam2\DelegateExam2.csproj", "{79ECA0CF-EBF8-420A-BF59-2845C3323D08}"
EndProject
Global
	GlobalSection(SolutionConfigurationPlatforms) = preSolution
		Debug|Any CPU = Debug|Any CPU
		Release|Any CPU = Release|Any CPU
	EndGlobalSection
	GlobalSection(ProjectConfigurationPlatforms) = postSolution
		{79ECA0CF-EBF8-420A-BF59-2845C3323D08}.Debug|Any CPU.ActiveCfg = Debug|Any CPU
		{79ECA0CF-EBF8-420A-BF59-2845C3323D08}.Debug|Any CPU.Build.0 = Debug|Any CPU
		{79ECA0CF-EBF8-420A-BF59-2845C3323D08}.Release|Any CPU.ActiveCfg = Release|Any CPU
		{79ECA0CF-EBF8-420A-BF59-2845C3323D08}.Release|Any CPU.Build.0 = Release|Any CPU
	EndGlobalSection
	GlobalSection(SolutionProperties) = preSolution
		HideSolutionNode = FALSE
	EndGlobalSection
EndGlobal
