
Microsoft Visual Studio Solution File, Format Version 9.00
# Visual Studio 2005
Project("{FAE04EC0-301F-11D3-BF4B-00C04F79EFBC}") = "QueueExam", "QueueExam\QueueExam.csproj", "{A532158A-C3A1-4CD6-88A7-B1C8EBC3809F}"
EndProject
Global
	GlobalSection(SolutionConfigurationPlatforms) = preSolution
		Debug|Any CPU = Debug|Any CPU
		Release|Any CPU = Release|Any CPU
	EndGlobalSection
	GlobalSection(ProjectConfigurationPlatforms) = postSolution
		{A532158A-C3A1-4CD6-88A7-B1C8EBC3809F}.Debug|Any CPU.ActiveCfg = Debug|Any CPU
		{A532158A-C3A1-4CD6-88A7-B1C8EBC3809F}.Debug|Any CPU.Build.0 = Debug|Any CPU
		{A532158A-C3A1-4CD6-88A7-B1C8EBC3809F}.Release|Any CPU.ActiveCfg = Release|Any CPU
		{A532158A-C3A1-4CD6-88A7-B1C8EBC3809F}.Release|Any CPU.Build.0 = Release|Any CPU
	EndGlobalSection
	GlobalSection(SolutionProperties) = preSolution
		HideSolutionNode = FALSE
	EndGlobalSection
EndGlobal
