
Microsoft Visual Studio Solution File, Format Version 9.00
# Visual Studio 2005
Project("{FAE04EC0-301F-11D3-BF4B-00C04F79EFBC}") = "ExceptionExam2", "ExceptionExam2\ExceptionExam2.csproj", "{65B11C71-C7B2-4A66-8CA2-0E54E0FB11F3}"
EndProject
Global
	GlobalSection(SolutionConfigurationPlatforms) = preSolution
		Debug|Any CPU = Debug|Any CPU
		Release|Any CPU = Release|Any CPU
	EndGlobalSection
	GlobalSection(ProjectConfigurationPlatforms) = postSolution
		{65B11C71-C7B2-4A66-8CA2-0E54E0FB11F3}.Debug|Any CPU.ActiveCfg = Debug|Any CPU
		{65B11C71-C7B2-4A66-8CA2-0E54E0FB11F3}.Debug|Any CPU.Build.0 = Debug|Any CPU
		{65B11C71-C7B2-4A66-8CA2-0E54E0FB11F3}.Release|Any CPU.ActiveCfg = Release|Any CPU
		{65B11C71-C7B2-4A66-8CA2-0E54E0FB11F3}.Release|Any CPU.Build.0 = Release|Any CPU
	EndGlobalSection
	GlobalSection(SolutionProperties) = preSolution
		HideSolutionNode = FALSE
	EndGlobalSection
EndGlobal
