
Microsoft Visual Studio Solution File, Format Version 9.00
# Visual Studio 2005
Project("{FAE04EC0-301F-11D3-BF4B-00C04F79EFBC}") = "TextExam6", "TextExam6\TextExam6.csproj", "{0E5CB1A8-DD6F-4A6E-946E-F9D0AAC87AA3}"
EndProject
Global
	GlobalSection(SolutionConfigurationPlatforms) = preSolution
		Debug|Any CPU = Debug|Any CPU
		Release|Any CPU = Release|Any CPU
	EndGlobalSection
	GlobalSection(ProjectConfigurationPlatforms) = postSolution
		{0E5CB1A8-DD6F-4A6E-946E-F9D0AAC87AA3}.Debug|Any CPU.ActiveCfg = Debug|Any CPU
		{0E5CB1A8-DD6F-4A6E-946E-F9D0AAC87AA3}.Debug|Any CPU.Build.0 = Debug|Any CPU
		{0E5CB1A8-DD6F-4A6E-946E-F9D0AAC87AA3}.Release|Any CPU.ActiveCfg = Release|Any CPU
		{0E5CB1A8-DD6F-4A6E-946E-F9D0AAC87AA3}.Release|Any CPU.Build.0 = Release|Any CPU
	EndGlobalSection
	GlobalSection(SolutionProperties) = preSolution
		HideSolutionNode = FALSE
	EndGlobalSection
EndGlobal
