
Microsoft Visual Studio Solution File, Format Version 9.00
# Visual Studio 2005
Project("{FAE04EC0-301F-11D3-BF4B-00C04F79EFBC}") = "CastExam", "CastExam\CastExam.csproj", "{6C4E3B6A-E5DA-42B1-AF07-4C62C5A47738}"
EndProject
Global
	GlobalSection(SolutionConfigurationPlatforms) = preSolution
		Debug|Any CPU = Debug|Any CPU
		Release|Any CPU = Release|Any CPU
	EndGlobalSection
	GlobalSection(ProjectConfigurationPlatforms) = postSolution
		{6C4E3B6A-E5DA-42B1-AF07-4C62C5A47738}.Debug|Any CPU.ActiveCfg = Debug|Any CPU
		{6C4E3B6A-E5DA-42B1-AF07-4C62C5A47738}.Debug|Any CPU.Build.0 = Debug|Any CPU
		{6C4E3B6A-E5DA-42B1-AF07-4C62C5A47738}.Release|Any CPU.ActiveCfg = Release|Any CPU
		{6C4E3B6A-E5DA-42B1-AF07-4C62C5A47738}.Release|Any CPU.Build.0 = Release|Any CPU
	EndGlobalSection
	GlobalSection(SolutionProperties) = preSolution
		HideSolutionNode = FALSE
	EndGlobalSection
EndGlobal
