
Microsoft Visual Studio Solution File, Format Version 9.00
# Visual Studio 2005
Project("{FAE04EC0-301F-11D3-BF4B-00C04F79EFBC}") = "StreamExam4", "StreamExam4\StreamExam4.csproj", "{F68C2A04-D0FE-4DF7-A594-75F81FF4C020}"
EndProject
Global
	GlobalSection(SolutionConfigurationPlatforms) = preSolution
		Debug|Any CPU = Debug|Any CPU
		Release|Any CPU = Release|Any CPU
	EndGlobalSection
	GlobalSection(ProjectConfigurationPlatforms) = postSolution
		{F68C2A04-D0FE-4DF7-A594-75F81FF4C020}.Debug|Any CPU.ActiveCfg = Debug|Any CPU
		{F68C2A04-D0FE-4DF7-A594-75F81FF4C020}.Debug|Any CPU.Build.0 = Debug|Any CPU
		{F68C2A04-D0FE-4DF7-A594-75F81FF4C020}.Release|Any CPU.ActiveCfg = Release|Any CPU
		{F68C2A04-D0FE-4DF7-A594-75F81FF4C020}.Release|Any CPU.Build.0 = Release|Any CPU
	EndGlobalSection
	GlobalSection(SolutionProperties) = preSolution
		HideSolutionNode = FALSE
	EndGlobalSection
EndGlobal
