
Microsoft Visual Studio Solution File, Format Version 9.00
# Visual Studio 2005
Project("{FAE04EC0-301F-11D3-BF4B-00C04F79EFBC}") = "ThreadExam7", "ThreadExam7\ThreadExam7.csproj", "{0DC54F4F-921F-44F1-B0EA-D12C394291B8}"
EndProject
Global
	GlobalSection(SolutionConfigurationPlatforms) = preSolution
		Debug|Any CPU = Debug|Any CPU
		Release|Any CPU = Release|Any CPU
	EndGlobalSection
	GlobalSection(ProjectConfigurationPlatforms) = postSolution
		{0DC54F4F-921F-44F1-B0EA-D12C394291B8}.Debug|Any CPU.ActiveCfg = Debug|Any CPU
		{0DC54F4F-921F-44F1-B0EA-D12C394291B8}.Debug|Any CPU.Build.0 = Debug|Any CPU
		{0DC54F4F-921F-44F1-B0EA-D12C394291B8}.Release|Any CPU.ActiveCfg = Release|Any CPU
		{0DC54F4F-921F-44F1-B0EA-D12C394291B8}.Release|Any CPU.Build.0 = Release|Any CPU
	EndGlobalSection
	GlobalSection(SolutionProperties) = preSolution
		HideSolutionNode = FALSE
	EndGlobalSection
EndGlobal
