
Microsoft Visual Studio Solution File, Format Version 9.00
# Visual Studio 2005
Project("{FAE04EC0-301F-11D3-BF4B-00C04F79EFBC}") = "GoToExam", "GoToExam\GoToExam.csproj", "{BFCFECCA-F6DB-459A-8266-0023B96A3C97}"
EndProject
Global
	GlobalSection(SolutionConfigurationPlatforms) = preSolution
		Debug|Any CPU = Debug|Any CPU
		Release|Any CPU = Release|Any CPU
	EndGlobalSection
	GlobalSection(ProjectConfigurationPlatforms) = postSolution
		{BFCFECCA-F6DB-459A-8266-0023B96A3C97}.Debug|Any CPU.ActiveCfg = Debug|Any CPU
		{BFCFECCA-F6DB-459A-8266-0023B96A3C97}.Debug|Any CPU.Build.0 = Debug|Any CPU
		{BFCFECCA-F6DB-459A-8266-0023B96A3C97}.Release|Any CPU.ActiveCfg = Release|Any CPU
		{BFCFECCA-F6DB-459A-8266-0023B96A3C97}.Release|Any CPU.Build.0 = Release|Any CPU
	EndGlobalSection
	GlobalSection(SolutionProperties) = preSolution
		HideSolutionNode = FALSE
	EndGlobalSection
EndGlobal
