Microsoft Visual Studio Solution File, Format Version 7.00
Project("{FAE04EC0-301F-11D3-BF4B-00C04F79EFBC}") = "MyPlayer", "MyPlayer.csproj", "{B01D1E70-0455-4A87-8A22-4BE444D20DE2}"
EndProject
Global
	GlobalSection(SolutionConfiguration) = preSolution
		ConfigName.0 = Debug
		ConfigName.1 = Release
	EndGlobalSection
	GlobalSection(ProjectDependencies) = postSolution
	EndGlobalSection
	GlobalSection(ProjectConfiguration) = postSolution
		{B01D1E70-0455-4A87-8A22-4BE444D20DE2}.Debug.ActiveCfg = Debug|.NET
		{B01D1E70-0455-4A87-8A22-4BE444D20DE2}.Debug.Build.0 = Debug|.NET
		{B01D1E70-0455-4A87-8A22-4BE444D20DE2}.Release.ActiveCfg = Release|.NET
		{B01D1E70-0455-4A87-8A22-4BE444D20DE2}.Release.Build.0 = Release|.NET
	EndGlobalSection
	GlobalSection(ExtensibilityGlobals) = postSolution
	EndGlobalSection
	GlobalSection(ExtensibilityAddIns) = postSolution
	EndGlobalSection
EndGlobal
