
Microsoft Visual Studio Solution File, Format Version 9.00
# Visual Studio 2005
Project("{FAE04EC0-301F-11D3-BF4B-00C04F79EFBC}") = "MatrixExam", "MatrixExam\MatrixExam.csproj", "{FB507F2A-B793-4845-A733-B82F6483AF44}"
EndProject
Global
	GlobalSection(SolutionConfigurationPlatforms) = preSolution
		Debug|Any CPU = Debug|Any CPU
		Release|Any CPU = Release|Any CPU
	EndGlobalSection
	GlobalSection(ProjectConfigurationPlatforms) = postSolution
		{FB507F2A-B793-4845-A733-B82F6483AF44}.Debug|Any CPU.ActiveCfg = Debug|Any CPU
		{FB507F2A-B793-4845-A733-B82F6483AF44}.Debug|Any CPU.Build.0 = Debug|Any CPU
		{FB507F2A-B793-4845-A733-B82F6483AF44}.Release|Any CPU.ActiveCfg = Release|Any CPU
		{FB507F2A-B793-4845-A733-B82F6483AF44}.Release|Any CPU.Build.0 = Release|Any CPU
	EndGlobalSection
	GlobalSection(SolutionProperties) = preSolution
		HideSolutionNode = FALSE
	EndGlobalSection
EndGlobal
